
Microsoft Visual Studio Solution File, Format Version 12.00
# Visual Studio Version 17
VisualStudioVersion = 17.7.34024.191
MinimumVisualStudioVersion = 10.0.40219.1
Project("{9A19103F-16F7-4668-BE54-9A1E7A4F7556}") = "MotionBlindness", "MotionBlindness\MotionBlindness.csproj", "{C336EB16-E8AD-485A-A679-6531385E9137}"
	ProjectSection(ProjectDependencies) = postProject
		{4DCEF607-2A3E-40B9-94BF-8547CE40CFCD} = {4DCEF607-2A3E-40B9-94BF-8547CE40CFCD}
	EndProjectSection
EndProject
Project("{9A19103F-16F7-4668-BE54-9A1E7A4F7556}") = "GraphicsCommon", "Common\GraphicsCommon.csproj", "{4DCEF607-2A3E-40B9-94BF-8547CE40CFCD}"
EndProject
Project("{9A19103F-16F7-4668-BE54-9A1E7A4F7556}") = "ModelRender", "ModelRotate\ModelRender.csproj", "{9B0F7D5F-CECD-427D-B1C4-7632AEB546C1}"
EndProject
Project("{9A19103F-16F7-4668-BE54-9A1E7A4F7556}") = "Smoothy", "Smoothy\Smoothy.csproj", "{E243C5A2-8E94-4E97-81A6-C5BD0590B4AE}"
EndProject
Project("{9A19103F-16F7-4668-BE54-9A1E7A4F7556}") = "SpacialFreq", "SpacialFreq\SpacialFreq.csproj", "{F9D77CD3-47F5-43D5-8638-9F5F2A89BA3F}"
EndProject
Project("{9A19103F-16F7-4668-BE54-9A1E7A4F7556}") = "ShadowTrajectory", "ShadowTrajectory\ShadowTrajectory.csproj", "{CF7B705D-A291-473A-946D-730C567ABB42}"
EndProject
Project("{FAE04EC0-301F-11D3-BF4B-00C04F79EFBC}") = "3DPyramid", "3DPyramid\3DPyramid.csproj", "{7E32860B-3615-41BA-9C4B-356D2802D8CF}"
EndProject
Global
	GlobalSection(SolutionConfigurationPlatforms) = preSolution
		Debug|Any CPU = Debug|Any CPU
		Release|Any CPU = Release|Any CPU
	EndGlobalSection
	GlobalSection(ProjectConfigurationPlatforms) = postSolution
		{C336EB16-E8AD-485A-A679-6531385E9137}.Debug|Any CPU.ActiveCfg = Debug|Any CPU
		{C336EB16-E8AD-485A-A679-6531385E9137}.Debug|Any CPU.Build.0 = Debug|Any CPU
		{C336EB16-E8AD-485A-A679-6531385E9137}.Release|Any CPU.ActiveCfg = Release|Any CPU
		{C336EB16-E8AD-485A-A679-6531385E9137}.Release|Any CPU.Build.0 = Release|Any CPU
		{4DCEF607-2A3E-40B9-94BF-8547CE40CFCD}.Debug|Any CPU.ActiveCfg = Debug|Any CPU
		{4DCEF607-2A3E-40B9-94BF-8547CE40CFCD}.Debug|Any CPU.Build.0 = Debug|Any CPU
		{4DCEF607-2A3E-40B9-94BF-8547CE40CFCD}.Release|Any CPU.ActiveCfg = Release|Any CPU
		{4DCEF607-2A3E-40B9-94BF-8547CE40CFCD}.Release|Any CPU.Build.0 = Release|Any CPU
		{9B0F7D5F-CECD-427D-B1C4-7632AEB546C1}.Debug|Any CPU.ActiveCfg = Debug|Any CPU
		{9B0F7D5F-CECD-427D-B1C4-7632AEB546C1}.Debug|Any CPU.Build.0 = Debug|Any CPU
		{9B0F7D5F-CECD-427D-B1C4-7632AEB546C1}.Release|Any CPU.ActiveCfg = Release|Any CPU
		{9B0F7D5F-CECD-427D-B1C4-7632AEB546C1}.Release|Any CPU.Build.0 = Release|Any CPU
		{E243C5A2-8E94-4E97-81A6-C5BD0590B4AE}.Debug|Any CPU.ActiveCfg = Debug|Any CPU
		{E243C5A2-8E94-4E97-81A6-C5BD0590B4AE}.Debug|Any CPU.Build.0 = Debug|Any CPU
		{E243C5A2-8E94-4E97-81A6-C5BD0590B4AE}.Release|Any CPU.ActiveCfg = Release|Any CPU
		{E243C5A2-8E94-4E97-81A6-C5BD0590B4AE}.Release|Any CPU.Build.0 = Release|Any CPU
		{F9D77CD3-47F5-43D5-8638-9F5F2A89BA3F}.Debug|Any CPU.ActiveCfg = Debug|Any CPU
		{F9D77CD3-47F5-43D5-8638-9F5F2A89BA3F}.Debug|Any CPU.Build.0 = Debug|Any CPU
		{F9D77CD3-47F5-43D5-8638-9F5F2A89BA3F}.Release|Any CPU.ActiveCfg = Release|Any CPU
		{F9D77CD3-47F5-43D5-8638-9F5F2A89BA3F}.Release|Any CPU.Build.0 = Release|Any CPU
		{CF7B705D-A291-473A-946D-730C567ABB42}.Debug|Any CPU.ActiveCfg = Debug|Any CPU
		{CF7B705D-A291-473A-946D-730C567ABB42}.Debug|Any CPU.Build.0 = Debug|Any CPU
		{CF7B705D-A291-473A-946D-730C567ABB42}.Release|Any CPU.ActiveCfg = Release|Any CPU
		{CF7B705D-A291-473A-946D-730C567ABB42}.Release|Any CPU.Build.0 = Release|Any CPU
		{7E32860B-3615-41BA-9C4B-356D2802D8CF}.Debug|Any CPU.ActiveCfg = Debug|Any CPU
		{7E32860B-3615-41BA-9C4B-356D2802D8CF}.Debug|Any CPU.Build.0 = Debug|Any CPU
		{7E32860B-3615-41BA-9C4B-356D2802D8CF}.Release|Any CPU.ActiveCfg = Release|Any CPU
		{7E32860B-3615-41BA-9C4B-356D2802D8CF}.Release|Any CPU.Build.0 = Release|Any CPU
	EndGlobalSection
	GlobalSection(SolutionProperties) = preSolution
		HideSolutionNode = FALSE
	EndGlobalSection
	GlobalSection(ExtensibilityGlobals) = postSolution
		SolutionGuid = {8BFC358A-E696-4DD8-8202-70520FD17208}
	EndGlobalSection
EndGlobal
